<?xml version="1.0" encoding="utf-8"?>
<Project ToolsVersion="4.0" xmlns="http://schemas.microsoft.com/developer/msbuild/2003">
  <ItemGroup>
    <Filter Include="Source Files">
      <UniqueIdentifier>{4FC737F1-C7A5-4376-A066-2A32D752A2FF}</UniqueIdentifier>
      <Extensions>cpp;c;cc;cxx;c++;cppm;ixx;def;odl;idl;hpj;bat;asm;asmx</Extensions>
    </Filter>
    <Filter Include="Header Files">
      <UniqueIdentifier>{93995380-89BD-4b04-88EB-625FBE52EBFB}</UniqueIdentifier>
      <Extensions>h;hh;hpp;hxx;h++;hm;inl;inc;ipp;xsd</Extensions>
    </Filter>
    <Filter Include="Resource Files">
      <UniqueIdentifier>{67DA6AB6-F800-4c08-8B7A-83BB121AAD01}</UniqueIdentifier>
      <Extensions>rc;ico;cur;bmp;dlg;rc2;rct;bin;rgs;gif;jpg;jpeg;jpe;resx;tiff;tif;png;wav;mfcribbon-ms</Extensions>
    </Filter>
    <Filter Include="Source Files\Patterns">
      <UniqueIdentifier>{72b651aa-11bf-4db9-80cc-6074ac75d9d6}</UniqueIdentifier>
    </Filter>
    <Filter Include="Source Files\Patterns\Normal Condition">
      <UniqueIdentifier>{bdf79f22-dd31-47fc-8f29-e9fabdef3526}</UniqueIdentifier>
    </Filter>
    <Filter Include="Source Files\Patterns\Normal Condition\filter3x3x3_ifmap5x5x3">
      <UniqueIdentifier>{d8cdd8ac-f4d6-4e87-b055-eac3b7dcd89c}</UniqueIdentifier>
    </Filter>
    <Filter Include="Source Files\Patterns\Normal Condition\filter3x3x1_ifmap5x5x1_pad1">
      <UniqueIdentifier>{8f4b8618-6e21-4ad5-ae32-5f96693e810c}</UniqueIdentifier>
    </Filter>
    <Filter Include="Source Files\Patterns\Normal Condition\filter3x3x3_ifmap5x5x3_stride2">
      <UniqueIdentifier>{0e66608e-c559-48d0-b75c-5bbec98c46e9}</UniqueIdentifier>
    </Filter>
    <Filter Include="Source Files\Patterns\Normal Condition\filter3x3x1x3_image5x5x1">
      <UniqueIdentifier>{7d7db781-7407-4130-9e21-26b58daf2c39}</UniqueIdentifier>
    </Filter>
    <Filter Include="Source Files\Patterns\Lack of PE Array Size Condition">
      <UniqueIdentifier>{6095e8a5-8e05-4d60-9cf8-649d45b087af}</UniqueIdentifier>
    </Filter>
    <Filter Include="Source Files\Patterns\Lack of PE Array Size Condition\filter5x5x1_ifmap34x34x1">
      <UniqueIdentifier>{9a97ab71-45a6-41e4-8170-165108b21ce9}</UniqueIdentifier>
    </Filter>
    <Filter Include="Source Files\Patterns\Lack of PE Array Size Condition\filter5x5x3_ifmap34x34x3">
      <UniqueIdentifier>{b90cb448-f775-48a0-a3f2-c6a0b7eb677c}</UniqueIdentifier>
    </Filter>
    <Filter Include="Source Files\Patterns\Lack of PE Array Size Condition\filter5x5x1_ifmap35x35x1_stride2">
      <UniqueIdentifier>{256f238b-6eba-4e62-be81-572cb5599ad3}</UniqueIdentifier>
    </Filter>
    <Filter Include="Source Files\Patterns\Lack of PE Array Size Condition\filter11x11x1_ifmap81x81x1_pad2">
      <UniqueIdentifier>{06cb3de2-b4cd-4515-8a4b-79f781d2f2b9}</UniqueIdentifier>
    </Filter>
    <Filter Include="Source Files\Patterns\Lack of PE Array Size Condition\filter11x11x1x3_image81x81x1">
      <UniqueIdentifier>{2b6742e1-6930-4e4e-8c69-5863b05ff456}</UniqueIdentifier>
    </Filter>
    <Filter Include="Source Files\Patterns\Lack of PE Array Size Condition\filter5x5x3x2_image81x81x3_stride2">
      <UniqueIdentifier>{7f233107-e1ad-4a06-8df5-b6d04fd1ba26}</UniqueIdentifier>
    </Filter>
    <Filter Include="Source Files\Patterns\Lack of PE Array Size Condition\filter5x5x3x2_image81x81x3_stride2_pad2">
      <UniqueIdentifier>{25243de5-0273-472f-a9f7-607f4577b54e}</UniqueIdentifier>
    </Filter>
    <Filter Include="Source Files\Patterns\Lack of PE Array Size Condition\filter11x11x3_ifmap227x227x3_stride4">
      <UniqueIdentifier>{6f08f580-cbe0-4870-92a1-c0594e223174}</UniqueIdentifier>
    </Filter>
    <Filter Include="Source Files\Patterns\Lack of PE Array Size Condition\filter11x11x3_ifmap163x163x3_stride4">
      <UniqueIdentifier>{53af02ca-e5d8-4ee7-8eb2-4f76f4c3df4c}</UniqueIdentifier>
    </Filter>
    <Filter Include="Source Files\Patterns\Maximum Pooling">
      <UniqueIdentifier>{04114ca1-df0b-47a4-888a-3d2313bf4699}</UniqueIdentifier>
    </Filter>
    <Filter Include="Source Files\Patterns\Maximum Pooling\max3x3x1_ifmap42x42x1_stride3">
      <UniqueIdentifier>{cf978a20-e2f8-402f-a719-60cbdae57a11}</UniqueIdentifier>
    </Filter>
    <Filter Include="Source Files\Patterns\Maximum Pooling\max3x3x1_ifmap29x29x1_stride2">
      <UniqueIdentifier>{b00131f5-3136-460c-aa36-425417d37aa6}</UniqueIdentifier>
    </Filter>
    <Filter Include="Source Files\Patterns\Maximum Pooling\max3x3x1_ifmap40x40x1_stride3_pad1">
      <UniqueIdentifier>{4a210ab7-361b-440e-ad60-c8dbc10d6777}</UniqueIdentifier>
    </Filter>
    <Filter Include="Source Files\Patterns\Maximum Pooling\max3x3x3_ifmap40x40x3_stride3">
      <UniqueIdentifier>{17dd8334-c416-40c9-a618-3eb99c0c0e52}</UniqueIdentifier>
    </Filter>
    <Filter Include="Source Files\Patterns\Maximum Pooling\max3x3x3_ifmap90x90x3_stride3">
      <UniqueIdentifier>{6c26951b-8e98-479b-9c28-72834ba52b07}</UniqueIdentifier>
    </Filter>
    <Filter Include="Source Files\Patterns\Maximum Pooling\max3x3x3_ifmap90x90x3_stride1">
      <UniqueIdentifier>{fa4dd8f9-b80d-42dc-8e47-683d52103d54}</UniqueIdentifier>
    </Filter>
    <Filter Include="Source Files\Patterns\Maximum Pooling\max3x3x1_ifmap122x122x1_stride3_pad2">
      <UniqueIdentifier>{f90abee7-e5e9-42fd-a63a-b3a49cdd2930}</UniqueIdentifier>
    </Filter>
    <Filter Include="Source Files\Patterns\Maximum Pooling\max3x3x3_ifmap122x122x3_stride2_pad2">
      <UniqueIdentifier>{becb1608-9d45-4da5-b916-3786b6e1333a}</UniqueIdentifier>
    </Filter>
    <Filter Include="Source Files\Patterns\Maximum Pooling\max3x3x256_ifmap13x13x256_stride3_pad1">
      <UniqueIdentifier>{915640f8-893e-4c07-8a36-5249d77c36ff}</UniqueIdentifier>
    </Filter>
    <Filter Include="Source Files\Patterns\Fully-connected">
      <UniqueIdentifier>{afc7fd22-a514-40f4-8ebd-311e50564351}</UniqueIdentifier>
    </Filter>
    <Filter Include="Source Files\Patterns\Fully-connected\fc7x7x3_image7x7x3_units14">
      <UniqueIdentifier>{af897ab4-b54f-44e3-88e4-90db390a73d5}</UniqueIdentifier>
    </Filter>
    <Filter Include="Source Files\Patterns\Fully-connected\fc3x3x1_image3x3x1_units60">
      <UniqueIdentifier>{9628b4a8-96af-44eb-ad45-d8d261611837}</UniqueIdentifier>
    </Filter>
    <Filter Include="Source Files\Patterns\Fully-connected\fc12x12x1_image12x12x1_units60">
      <UniqueIdentifier>{3062b222-fe94-49de-a66c-2b7a61a9cad2}</UniqueIdentifier>
    </Filter>
    <Filter Include="Source Files\Patterns\Fully-connected\fc5x5x5_image5x5x5_units100">
      <UniqueIdentifier>{175c7c99-6001-4fd1-8322-3facd943d636}</UniqueIdentifier>
    </Filter>
    <Filter Include="Source Files\Patterns\Fully-connected\fc6x6x256_image6x6x256_units4096 %28failed%29">
      <UniqueIdentifier>{2cb127a8-ad71-4176-9aae-3e386fa6d168}</UniqueIdentifier>
    </Filter>
    <Filter Include="Source Files\Patterns\Fully-connected\fc8x8x64_image8x8x64_units4096 %28failed%29">
      <UniqueIdentifier>{b6848212-1481-405c-bb6e-49540d6d4cc1}</UniqueIdentifier>
    </Filter>
    <Filter Include="Source Files\Patterns\Fully-connected\fc3x3x1_image3x3x1_units14">
      <UniqueIdentifier>{266bdfd6-c4a4-425a-a240-80ec332415b8}</UniqueIdentifier>
    </Filter>
    <Filter Include="Source Files\Patterns\Normal Condition\filter5x5x1_ifmap18x18x1">
      <UniqueIdentifier>{1dd9710e-c39a-40db-a2ca-92cc38090d41}</UniqueIdentifier>
    </Filter>
    <Filter Include="Source Files\Patterns\Unsupported %28unfinished%29">
      <UniqueIdentifier>{d673fdec-fd10-4383-a56c-3dc5c04b4052}</UniqueIdentifier>
    </Filter>
    <Filter Include="Source Files\Patterns\Unsupported %28unfinished%29\unsupported_filter13x13x1_ifmap27x27x1">
      <UniqueIdentifier>{97459832-6225-4f94-a8ed-3447a592a556}</UniqueIdentifier>
    </Filter>
    <Filter Include="Source Files\Patterns\Unsupported %28unfinished%29\unsupported_filter3x3x1_ifmap5x5x1_IS">
      <UniqueIdentifier>{ad73d9f8-422d-48d0-af45-32f3304452f7}</UniqueIdentifier>
    </Filter>
  </ItemGroup>
  <ItemGroup>
    <ClInclude Include="RegFile.h">
      <Filter>Header Files</Filter>
    </ClInclude>
    <ClInclude Include="PE.h">
      <Filter>Header Files</Filter>
    </ClInclude>
    <ClInclude Include="Scheduler.h">
      <Filter>Header Files</Filter>
    </ClInclude>
    <ClInclude Include="MAC.h">
      <Filter>Header Files</Filter>
    </ClInclude>
    <ClInclude Include="Definition.h">
      <Filter>Header Files</Filter>
    </ClInclude>
    <ClInclude Include="GLB.h">
      <Filter>Header Files</Filter>
    </ClInclude>
    <ClInclude Include="PE_array.h">
      <Filter>Header Files</Filter>
    </ClInclude>
    <ClInclude Include="LowEyeriss.h">
      <Filter>Header Files</Filter>
    </ClInclude>
    <ClInclude Include="testbench.h">
      <Filter>Header Files</Filter>
    </ClInclude>
    <ClInclude Include="resource.h">
      <Filter>Header Files</Filter>
    </ClInclude>
    <ClInclude Include="ConfigReg.h">
      <Filter>Header Files</Filter>
    </ClInclude>
    <ClInclude Include="Pool.h">
      <Filter>Header Files</Filter>
    </ClInclude>
    <ClInclude Include="MUX.h">
      <Filter>Header Files</Filter>
    </ClInclude>
  </ItemGroup>
  <ItemGroup>
    <ClCompile Include="PE.cpp">
      <Filter>Source Files</Filter>
    </ClCompile>
    <ClCompile Include="MAC.cpp">
      <Filter>Source Files</Filter>
    </ClCompile>
    <ClCompile Include="RegFile.cpp">
      <Filter>Source Files</Filter>
    </ClCompile>
    <ClCompile Include="Scheduler.cpp">
      <Filter>Source Files</Filter>
    </ClCompile>
    <ClCompile Include="GLB.cpp">
      <Filter>Source Files</Filter>
    </ClCompile>
    <ClCompile Include="testbench.cpp">
      <Filter>Source Files</Filter>
    </ClCompile>
    <ClCompile Include="main.cpp">
      <Filter>Source Files</Filter>
    </ClCompile>
    <ClCompile Include="ConfigReg.cpp">
      <Filter>Source Files</Filter>
    </ClCompile>
    <ClCompile Include="Pool.cpp">
      <Filter>Source Files</Filter>
    </ClCompile>
    <ClCompile Include="MUX.cpp">
      <Filter>Source Files</Filter>
    </ClCompile>
  </ItemGroup>
  <ItemGroup>
    <ResourceCompile Include="LowEyeriss.rc">
      <Filter>Resource Files</Filter>
    </ResourceCompile>
  </ItemGroup>
  <ItemGroup>
    <None Include="Patterns\filter3x3x3_ifmap5x5x3\weight.dat">
      <Filter>Source Files\Patterns\Normal Condition\filter3x3x3_ifmap5x5x3</Filter>
    </None>
    <None Include="Patterns\filter3x3x3_ifmap5x5x3\psum.dat">
      <Filter>Source Files\Patterns\Normal Condition\filter3x3x3_ifmap5x5x3</Filter>
    </None>
    <None Include="Patterns\filter3x3x3_ifmap5x5x3\ofmap.dat">
      <Filter>Source Files\Patterns\Normal Condition\filter3x3x3_ifmap5x5x3</Filter>
    </None>
    <None Include="Patterns\filter3x3x3_ifmap5x5x3\iact.dat">
      <Filter>Source Files\Patterns\Normal Condition\filter3x3x3_ifmap5x5x3</Filter>
    </None>
    <None Include="Patterns\filter5x5x1_ifmap34x34x1\iact.dat">
      <Filter>Source Files\Patterns\Lack of PE Array Size Condition\filter5x5x1_ifmap34x34x1</Filter>
    </None>
    <None Include="Patterns\filter5x5x1_ifmap34x34x1\ofmap.dat">
      <Filter>Source Files\Patterns\Lack of PE Array Size Condition\filter5x5x1_ifmap34x34x1</Filter>
    </None>
    <None Include="Patterns\filter5x5x1_ifmap34x34x1\psum.dat">
      <Filter>Source Files\Patterns\Lack of PE Array Size Condition\filter5x5x1_ifmap34x34x1</Filter>
    </None>
    <None Include="Patterns\filter5x5x1_ifmap34x34x1\weight.dat">
      <Filter>Source Files\Patterns\Lack of PE Array Size Condition\filter5x5x1_ifmap34x34x1</Filter>
    </None>
    <None Include="Patterns\filter3x3x1_ifmap5x5x1_stride2\iact.dat">
      <Filter>Source Files\Patterns\Normal Condition\filter3x3x3_ifmap5x5x3_stride2</Filter>
    </None>
    <None Include="Patterns\filter3x3x1_ifmap5x5x1_stride2\ofmap.dat">
      <Filter>Source Files\Patterns\Normal Condition\filter3x3x3_ifmap5x5x3_stride2</Filter>
    </None>
    <None Include="Patterns\filter3x3x1_ifmap5x5x1_stride2\psum.dat">
      <Filter>Source Files\Patterns\Normal Condition\filter3x3x3_ifmap5x5x3_stride2</Filter>
    </None>
    <None Include="Patterns\filter3x3x1_ifmap5x5x1_stride2\weight.dat">
      <Filter>Source Files\Patterns\Normal Condition\filter3x3x3_ifmap5x5x3_stride2</Filter>
    </None>
    <None Include="Patterns\filter5x5x1_ifmap35x35x1_stride2\iact.dat">
      <Filter>Source Files\Patterns\Lack of PE Array Size Condition\filter5x5x1_ifmap35x35x1_stride2</Filter>
    </None>
    <None Include="Patterns\filter5x5x1_ifmap35x35x1_stride2\ofmap.dat">
      <Filter>Source Files\Patterns\Lack of PE Array Size Condition\filter5x5x1_ifmap35x35x1_stride2</Filter>
    </None>
    <None Include="Patterns\filter5x5x1_ifmap35x35x1_stride2\psum.dat">
      <Filter>Source Files\Patterns\Lack of PE Array Size Condition\filter5x5x1_ifmap35x35x1_stride2</Filter>
    </None>
    <None Include="Patterns\filter5x5x1_ifmap35x35x1_stride2\weight.dat">
      <Filter>Source Files\Patterns\Lack of PE Array Size Condition\filter5x5x1_ifmap35x35x1_stride2</Filter>
    </None>
    <None Include="Patterns\filter11x11x3_ifmap227x227x3_stride4\iact.dat">
      <Filter>Source Files\Patterns\Lack of PE Array Size Condition\filter11x11x3_ifmap227x227x3_stride4</Filter>
    </None>
    <None Include="Patterns\filter11x11x3_ifmap227x227x3_stride4\ofmap.dat">
      <Filter>Source Files\Patterns\Lack of PE Array Size Condition\filter11x11x3_ifmap227x227x3_stride4</Filter>
    </None>
    <None Include="Patterns\filter11x11x3_ifmap227x227x3_stride4\psum.dat">
      <Filter>Source Files\Patterns\Lack of PE Array Size Condition\filter11x11x3_ifmap227x227x3_stride4</Filter>
    </None>
    <None Include="Patterns\filter11x11x3_ifmap227x227x3_stride4\weight.dat">
      <Filter>Source Files\Patterns\Lack of PE Array Size Condition\filter11x11x3_ifmap227x227x3_stride4</Filter>
    </None>
    <None Include="Patterns\filter3x3x1_ifmap5x5x1_pad1\iact.dat">
      <Filter>Source Files\Patterns\Normal Condition\filter3x3x1_ifmap5x5x1_pad1</Filter>
    </None>
    <None Include="Patterns\filter3x3x1_ifmap5x5x1_pad1\psum.dat">
      <Filter>Source Files\Patterns\Normal Condition\filter3x3x1_ifmap5x5x1_pad1</Filter>
    </None>
    <None Include="Patterns\filter3x3x1_ifmap5x5x1_pad1\weight.dat">
      <Filter>Source Files\Patterns\Normal Condition\filter3x3x1_ifmap5x5x1_pad1</Filter>
    </None>
    <None Include="Patterns\filter3x3x1_ifmap5x5x1_pad1\ofmap.dat">
      <Filter>Source Files\Patterns\Normal Condition\filter3x3x1_ifmap5x5x1_pad1</Filter>
    </None>
    <None Include="Patterns\filter_filter11x11x1_ifmap81x81x1_pad2\iact.dat">
      <Filter>Source Files\Patterns\Lack of PE Array Size Condition\filter11x11x1_ifmap81x81x1_pad2</Filter>
    </None>
    <None Include="Patterns\filter_filter11x11x1_ifmap81x81x1_pad2\ofmap.dat">
      <Filter>Source Files\Patterns\Lack of PE Array Size Condition\filter11x11x1_ifmap81x81x1_pad2</Filter>
    </None>
    <None Include="Patterns\filter_filter11x11x1_ifmap81x81x1_pad2\psum.dat">
      <Filter>Source Files\Patterns\Lack of PE Array Size Condition\filter11x11x1_ifmap81x81x1_pad2</Filter>
    </None>
    <None Include="Patterns\filter_filter11x11x1_ifmap81x81x1_pad2\weight.dat">
      <Filter>Source Files\Patterns\Lack of PE Array Size Condition\filter11x11x1_ifmap81x81x1_pad2</Filter>
    </None>
    <None Include="Patterns\filter11x11x1x3_image81x81x1\iact.dat">
      <Filter>Source Files\Patterns\Lack of PE Array Size Condition\filter11x11x1x3_image81x81x1</Filter>
    </None>
    <None Include="Patterns\filter11x11x1x3_image81x81x1\ofmap.dat">
      <Filter>Source Files\Patterns\Lack of PE Array Size Condition\filter11x11x1x3_image81x81x1</Filter>
    </None>
    <None Include="Patterns\filter11x11x1x3_image81x81x1\psum.dat">
      <Filter>Source Files\Patterns\Lack of PE Array Size Condition\filter11x11x1x3_image81x81x1</Filter>
    </None>
    <None Include="Patterns\filter11x11x1x3_image81x81x1\weight.dat">
      <Filter>Source Files\Patterns\Lack of PE Array Size Condition\filter11x11x1x3_image81x81x1</Filter>
    </None>
    <None Include="Patterns\filter3x3x1_ifmap5x5x1_pad1\config.dat">
      <Filter>Source Files\Patterns\Normal Condition\filter3x3x1_ifmap5x5x1_pad1</Filter>
    </None>
    <None Include="Patterns\filter3x3x3_ifmap5x5x3\config.dat">
      <Filter>Source Files\Patterns\Normal Condition\filter3x3x3_ifmap5x5x3</Filter>
    </None>
    <None Include="Patterns\filter3x3x3_ifmap5x5x3_stride2\config.dat">
      <Filter>Source Files\Patterns\Normal Condition\filter3x3x3_ifmap5x5x3_stride2</Filter>
    </None>
    <None Include="Patterns\filter5x5x1_ifmap34x34x1\config.dat">
      <Filter>Source Files\Patterns\Lack of PE Array Size Condition\filter5x5x1_ifmap34x34x1</Filter>
    </None>
    <None Include="Patterns\filter5x5x1_ifmap35x35x1_stride2\config.dat">
      <Filter>Source Files\Patterns\Lack of PE Array Size Condition\filter5x5x1_ifmap35x35x1_stride2</Filter>
    </None>
    <None Include="Patterns\filter5x5x3x2_image81x81x3_stride2_pad2\iact.dat">
      <Filter>Source Files\Patterns\Lack of PE Array Size Condition\filter5x5x3x2_image81x81x3_stride2_pad2</Filter>
    </None>
    <None Include="Patterns\filter5x5x3x2_image81x81x3_stride2_pad2\ofmap.dat">
      <Filter>Source Files\Patterns\Lack of PE Array Size Condition\filter5x5x3x2_image81x81x3_stride2_pad2</Filter>
    </None>
    <None Include="Patterns\filter5x5x3x2_image81x81x3_stride2_pad2\psum.dat">
      <Filter>Source Files\Patterns\Lack of PE Array Size Condition\filter5x5x3x2_image81x81x3_stride2_pad2</Filter>
    </None>
    <None Include="Patterns\filter5x5x3x2_image81x81x3_stride2_pad2\weight.dat">
      <Filter>Source Files\Patterns\Lack of PE Array Size Condition\filter5x5x3x2_image81x81x3_stride2_pad2</Filter>
    </None>
    <None Include="Patterns\filter11x11x1_ifmap81x81x1_pad2\config.dat">
      <Filter>Source Files\Patterns\Lack of PE Array Size Condition\filter11x11x1_ifmap81x81x1_pad2</Filter>
    </None>
    <None Include="Patterns\filter11x11x1x3_image81x81x1\config.dat">
      <Filter>Source Files\Patterns\Lack of PE Array Size Condition\filter11x11x1x3_image81x81x1</Filter>
    </None>
    <None Include="Patterns\filter11x11x3_ifmap163x163x3_stride4\config.dat">
      <Filter>Source Files\Patterns\Lack of PE Array Size Condition\filter11x11x3_ifmap163x163x3_stride4</Filter>
    </None>
    <None Include="Patterns\filter11x11x3_ifmap163x163x3_stride4\iact.dat">
      <Filter>Source Files\Patterns\Lack of PE Array Size Condition\filter11x11x3_ifmap163x163x3_stride4</Filter>
    </None>
    <None Include="Patterns\filter11x11x3_ifmap163x163x3_stride4\ofmap.dat">
      <Filter>Source Files\Patterns\Lack of PE Array Size Condition\filter11x11x3_ifmap163x163x3_stride4</Filter>
    </None>
    <None Include="Patterns\filter11x11x3_ifmap163x163x3_stride4\psum.dat">
      <Filter>Source Files\Patterns\Lack of PE Array Size Condition\filter11x11x3_ifmap163x163x3_stride4</Filter>
    </None>
    <None Include="Patterns\filter11x11x3_ifmap163x163x3_stride4\weight.dat">
      <Filter>Source Files\Patterns\Lack of PE Array Size Condition\filter11x11x3_ifmap163x163x3_stride4</Filter>
    </None>
    <None Include="Patterns\filter5x5x3x2_image81x81x3_stride2_pad2\config.dat">
      <Filter>Source Files\Patterns\Lack of PE Array Size Condition\filter5x5x3x2_image81x81x3_stride2_pad2</Filter>
    </None>
    <None Include="Patterns\filter11x11x3_ifmap227x227x3_stride4\config.dat">
      <Filter>Source Files\Patterns\Lack of PE Array Size Condition\filter11x11x3_ifmap227x227x3_stride4</Filter>
    </None>
    <None Include="Patterns\max3x3x1_ifmap42x42x1_stride3\config.dat">
      <Filter>Source Files\Patterns\Maximum Pooling\max3x3x1_ifmap42x42x1_stride3</Filter>
    </None>
    <None Include="Patterns\max3x3x1_ifmap42x42x1_stride3\iact.dat">
      <Filter>Source Files\Patterns\Maximum Pooling\max3x3x1_ifmap42x42x1_stride3</Filter>
    </None>
    <None Include="Patterns\max3x3x1_ifmap42x42x1_stride3\ofmap.dat">
      <Filter>Source Files\Patterns\Maximum Pooling\max3x3x1_ifmap42x42x1_stride3</Filter>
    </None>
    <None Include="Patterns\max3x3x1_ifmap42x42x1_stride3\psum.dat">
      <Filter>Source Files\Patterns\Maximum Pooling\max3x3x1_ifmap42x42x1_stride3</Filter>
    </None>
    <None Include="Patterns\max3x3x1_ifmap29x29x1_stride2\config.dat">
      <Filter>Source Files\Patterns\Maximum Pooling\max3x3x1_ifmap29x29x1_stride2</Filter>
    </None>
    <None Include="Patterns\max3x3x1_ifmap29x29x1_stride2\iact.dat">
      <Filter>Source Files\Patterns\Maximum Pooling\max3x3x1_ifmap29x29x1_stride2</Filter>
    </None>
    <None Include="Patterns\max3x3x1_ifmap29x29x1_stride2\ofmap.dat">
      <Filter>Source Files\Patterns\Maximum Pooling\max3x3x1_ifmap29x29x1_stride2</Filter>
    </None>
    <None Include="Patterns\max3x3x1_ifmap29x29x1_stride2\psum.dat">
      <Filter>Source Files\Patterns\Maximum Pooling\max3x3x1_ifmap29x29x1_stride2</Filter>
    </None>
    <None Include="Patterns\max3x3x1_ifmap40x40x1_stride3_pad1\config.dat">
      <Filter>Source Files\Patterns\Maximum Pooling\max3x3x1_ifmap40x40x1_stride3_pad1</Filter>
    </None>
    <None Include="Patterns\max3x3x1_ifmap40x40x1_stride3_pad1\iact.dat">
      <Filter>Source Files\Patterns\Maximum Pooling\max3x3x1_ifmap40x40x1_stride3_pad1</Filter>
    </None>
    <None Include="Patterns\max3x3x1_ifmap40x40x1_stride3_pad1\ofmap.dat">
      <Filter>Source Files\Patterns\Maximum Pooling\max3x3x1_ifmap40x40x1_stride3_pad1</Filter>
    </None>
    <None Include="Patterns\max3x3x1_ifmap40x40x1_stride3_pad1\psum.dat">
      <Filter>Source Files\Patterns\Maximum Pooling\max3x3x1_ifmap40x40x1_stride3_pad1</Filter>
    </None>
    <None Include="Patterns\max3x3x3_ifmap40x40x3_stride3\config.dat">
      <Filter>Source Files\Patterns\Maximum Pooling\max3x3x3_ifmap40x40x3_stride3</Filter>
    </None>
    <None Include="Patterns\max3x3x3_ifmap40x40x3_stride3\iact.dat">
      <Filter>Source Files\Patterns\Maximum Pooling\max3x3x3_ifmap40x40x3_stride3</Filter>
    </None>
    <None Include="Patterns\max3x3x3_ifmap40x40x3_stride3\ofmap.dat">
      <Filter>Source Files\Patterns\Maximum Pooling\max3x3x3_ifmap40x40x3_stride3</Filter>
    </None>
    <None Include="Patterns\max3x3x3_ifmap40x40x3_stride3\psum.dat">
      <Filter>Source Files\Patterns\Maximum Pooling\max3x3x3_ifmap40x40x3_stride3</Filter>
    </None>
    <None Include="Patterns\max3x3x3_ifmap90x90x3_stride3\config.dat">
      <Filter>Source Files\Patterns\Maximum Pooling\max3x3x3_ifmap90x90x3_stride3</Filter>
    </None>
    <None Include="Patterns\max3x3x3_ifmap90x90x3_stride3\iact.dat">
      <Filter>Source Files\Patterns\Maximum Pooling\max3x3x3_ifmap90x90x3_stride3</Filter>
    </None>
    <None Include="Patterns\max3x3x3_ifmap90x90x3_stride3\ofmap.dat">
      <Filter>Source Files\Patterns\Maximum Pooling\max3x3x3_ifmap90x90x3_stride3</Filter>
    </None>
    <None Include="Patterns\max3x3x3_ifmap90x90x3_stride3\psum.dat">
      <Filter>Source Files\Patterns\Maximum Pooling\max3x3x3_ifmap90x90x3_stride3</Filter>
    </None>
    <None Include="Patterns\max3x3x3_ifmap90x90x3_stride1\config.dat">
      <Filter>Source Files\Patterns\Maximum Pooling\max3x3x3_ifmap90x90x3_stride1</Filter>
    </None>
    <None Include="Patterns\max3x3x3_ifmap90x90x3_stride1\iact.dat">
      <Filter>Source Files\Patterns\Maximum Pooling\max3x3x3_ifmap90x90x3_stride1</Filter>
    </None>
    <None Include="Patterns\max3x3x3_ifmap90x90x3_stride1\ofmap.dat">
      <Filter>Source Files\Patterns\Maximum Pooling\max3x3x3_ifmap90x90x3_stride1</Filter>
    </None>
    <None Include="Patterns\max3x3x3_ifmap90x90x3_stride1\psum.dat">
      <Filter>Source Files\Patterns\Maximum Pooling\max3x3x3_ifmap90x90x3_stride1</Filter>
    </None>
    <None Include="Patterns\max3x3x1_ifmap122x122x1_stride3_pad2\config.dat">
      <Filter>Source Files\Patterns\Maximum Pooling\max3x3x1_ifmap122x122x1_stride3_pad2</Filter>
    </None>
    <None Include="Patterns\max3x3x1_ifmap122x122x1_stride3_pad2\iact.dat">
      <Filter>Source Files\Patterns\Maximum Pooling\max3x3x1_ifmap122x122x1_stride3_pad2</Filter>
    </None>
    <None Include="Patterns\max3x3x1_ifmap122x122x1_stride3_pad2\ofmap.dat">
      <Filter>Source Files\Patterns\Maximum Pooling\max3x3x1_ifmap122x122x1_stride3_pad2</Filter>
    </None>
    <None Include="Patterns\max3x3x1_ifmap122x122x1_stride3_pad2\psum.dat">
      <Filter>Source Files\Patterns\Maximum Pooling\max3x3x1_ifmap122x122x1_stride3_pad2</Filter>
    </None>
    <None Include="Patterns\max3x3x3_ifmap122x122x3_stride2_pad2\config.dat">
      <Filter>Source Files\Patterns\Maximum Pooling\max3x3x3_ifmap122x122x3_stride2_pad2</Filter>
    </None>
    <None Include="Patterns\max3x3x3_ifmap122x122x3_stride2_pad2\iact.dat">
      <Filter>Source Files\Patterns\Maximum Pooling\max3x3x3_ifmap122x122x3_stride2_pad2</Filter>
    </None>
    <None Include="Patterns\max3x3x3_ifmap122x122x3_stride2_pad2\ofmap.dat">
      <Filter>Source Files\Patterns\Maximum Pooling\max3x3x3_ifmap122x122x3_stride2_pad2</Filter>
    </None>
    <None Include="Patterns\max3x3x3_ifmap122x122x3_stride2_pad2\psum.dat">
      <Filter>Source Files\Patterns\Maximum Pooling\max3x3x3_ifmap122x122x3_stride2_pad2</Filter>
    </None>
    <None Include="Patterns\max3x3x256_ifmap13x13x256_stride3_pad1\config.dat">
      <Filter>Source Files\Patterns\Maximum Pooling\max3x3x256_ifmap13x13x256_stride3_pad1</Filter>
    </None>
    <None Include="Patterns\max3x3x256_ifmap13x13x256_stride3_pad1\iact.dat">
      <Filter>Source Files\Patterns\Maximum Pooling\max3x3x256_ifmap13x13x256_stride3_pad1</Filter>
    </None>
    <None Include="Patterns\max3x3x256_ifmap13x13x256_stride3_pad1\ofmap.dat">
      <Filter>Source Files\Patterns\Maximum Pooling\max3x3x256_ifmap13x13x256_stride3_pad1</Filter>
    </None>
    <None Include="Patterns\max3x3x256_ifmap13x13x256_stride3_pad1\psum.dat">
      <Filter>Source Files\Patterns\Maximum Pooling\max3x3x256_ifmap13x13x256_stride3_pad1</Filter>
    </None>
    <None Include="Patterns\unsupported_filter13x13x1_ifmap27x27x1\config.dat">
      <Filter>Source Files\Patterns\Unsupported %28unfinished%29\unsupported_filter13x13x1_ifmap27x27x1</Filter>
    </None>
    <None Include="Patterns\unsupported_filter13x13x1_ifmap27x27x1\iact.dat">
      <Filter>Source Files\Patterns\Unsupported %28unfinished%29\unsupported_filter13x13x1_ifmap27x27x1</Filter>
    </None>
    <None Include="Patterns\unsupported_filter13x13x1_ifmap27x27x1\ofmap.dat">
      <Filter>Source Files\Patterns\Unsupported %28unfinished%29\unsupported_filter13x13x1_ifmap27x27x1</Filter>
    </None>
    <None Include="Patterns\unsupported_filter13x13x1_ifmap27x27x1\psum.dat">
      <Filter>Source Files\Patterns\Unsupported %28unfinished%29\unsupported_filter13x13x1_ifmap27x27x1</Filter>
    </None>
    <None Include="Patterns\unsupported_filter13x13x1_ifmap27x27x1\weight.dat">
      <Filter>Source Files\Patterns\Unsupported %28unfinished%29\unsupported_filter13x13x1_ifmap27x27x1</Filter>
    </None>
    <None Include="Patterns\unsupported_filter3x3x1_ifmap5x5x1_IS\config.dat">
      <Filter>Source Files\Patterns\Unsupported %28unfinished%29\unsupported_filter3x3x1_ifmap5x5x1_IS</Filter>
    </None>
    <None Include="Patterns\unsupported_filter3x3x1_ifmap5x5x1_IS\iact.dat">
      <Filter>Source Files\Patterns\Unsupported %28unfinished%29\unsupported_filter3x3x1_ifmap5x5x1_IS</Filter>
    </None>
    <None Include="Patterns\unsupported_filter3x3x1_ifmap5x5x1_IS\ofmap.dat">
      <Filter>Source Files\Patterns\Unsupported %28unfinished%29\unsupported_filter3x3x1_ifmap5x5x1_IS</Filter>
    </None>
    <None Include="Patterns\unsupported_filter3x3x1_ifmap5x5x1_IS\psum.dat">
      <Filter>Source Files\Patterns\Unsupported %28unfinished%29\unsupported_filter3x3x1_ifmap5x5x1_IS</Filter>
    </None>
    <None Include="Patterns\unsupported_filter3x3x1_ifmap5x5x1_IS\weight.dat">
      <Filter>Source Files\Patterns\Unsupported %28unfinished%29\unsupported_filter3x3x1_ifmap5x5x1_IS</Filter>
    </None>
    <None Include="Patterns\fc7x7x3_image7x7x3_units14\config.dat">
      <Filter>Source Files\Patterns\Fully-connected\fc7x7x3_image7x7x3_units14</Filter>
    </None>
    <None Include="Patterns\fc7x7x3_image7x7x3_units14\iact.dat">
      <Filter>Source Files\Patterns\Fully-connected\fc7x7x3_image7x7x3_units14</Filter>
    </None>
    <None Include="Patterns\fc7x7x3_image7x7x3_units14\ofmap.dat">
      <Filter>Source Files\Patterns\Fully-connected\fc7x7x3_image7x7x3_units14</Filter>
    </None>
    <None Include="Patterns\fc7x7x3_image7x7x3_units14\psum.dat">
      <Filter>Source Files\Patterns\Fully-connected\fc7x7x3_image7x7x3_units14</Filter>
    </None>
    <None Include="Patterns\fc7x7x3_image7x7x3_units14\weight.dat">
      <Filter>Source Files\Patterns\Fully-connected\fc7x7x3_image7x7x3_units14</Filter>
    </None>
    <None Include="Patterns\fc3x3x1_image3x3x1_units60\config.dat">
      <Filter>Source Files\Patterns\Fully-connected\fc3x3x1_image3x3x1_units60</Filter>
    </None>
    <None Include="Patterns\fc3x3x1_image3x3x1_units60\iact.dat">
      <Filter>Source Files\Patterns\Fully-connected\fc3x3x1_image3x3x1_units60</Filter>
    </None>
    <None Include="Patterns\fc3x3x1_image3x3x1_units60\ofmap.dat">
      <Filter>Source Files\Patterns\Fully-connected\fc3x3x1_image3x3x1_units60</Filter>
    </None>
    <None Include="Patterns\fc3x3x1_image3x3x1_units60\psum.dat">
      <Filter>Source Files\Patterns\Fully-connected\fc3x3x1_image3x3x1_units60</Filter>
    </None>
    <None Include="Patterns\fc3x3x1_image3x3x1_units60\weight.dat">
      <Filter>Source Files\Patterns\Fully-connected\fc3x3x1_image3x3x1_units60</Filter>
    </None>
    <None Include="Patterns\fc12x12x1_image12x12x1_units60\config.dat">
      <Filter>Source Files\Patterns\Fully-connected\fc12x12x1_image12x12x1_units60</Filter>
    </None>
    <None Include="Patterns\fc12x12x1_image12x12x1_units60\iact.dat">
      <Filter>Source Files\Patterns\Fully-connected\fc12x12x1_image12x12x1_units60</Filter>
    </None>
    <None Include="Patterns\fc12x12x1_image12x12x1_units60\ofmap.dat">
      <Filter>Source Files\Patterns\Fully-connected\fc12x12x1_image12x12x1_units60</Filter>
    </None>
    <None Include="Patterns\fc12x12x1_image12x12x1_units60\psum.dat">
      <Filter>Source Files\Patterns\Fully-connected\fc12x12x1_image12x12x1_units60</Filter>
    </None>
    <None Include="Patterns\fc12x12x1_image12x12x1_units60\weight.dat">
      <Filter>Source Files\Patterns\Fully-connected\fc12x12x1_image12x12x1_units60</Filter>
    </None>
    <None Include="Patterns\fc5x5x5_image5x5x5_units100\config.dat">
      <Filter>Source Files\Patterns\Fully-connected\fc5x5x5_image5x5x5_units100</Filter>
    </None>
    <None Include="Patterns\fc5x5x5_image5x5x5_units100\iact.dat">
      <Filter>Source Files\Patterns\Fully-connected\fc5x5x5_image5x5x5_units100</Filter>
    </None>
    <None Include="Patterns\fc5x5x5_image5x5x5_units100\ofmap.dat">
      <Filter>Source Files\Patterns\Fully-connected\fc5x5x5_image5x5x5_units100</Filter>
    </None>
    <None Include="Patterns\fc5x5x5_image5x5x5_units100\psum.dat">
      <Filter>Source Files\Patterns\Fully-connected\fc5x5x5_image5x5x5_units100</Filter>
    </None>
    <None Include="Patterns\fc5x5x5_image5x5x5_units100\weight.dat">
      <Filter>Source Files\Patterns\Fully-connected\fc5x5x5_image5x5x5_units100</Filter>
    </None>
    <None Include="Patterns\fc6x6x256_image6x6x256_units4096\config.dat">
      <Filter>Source Files\Patterns\Fully-connected\fc6x6x256_image6x6x256_units4096 %28failed%29</Filter>
    </None>
    <None Include="Patterns\fc6x6x256_image6x6x256_units4096\iact.dat">
      <Filter>Source Files\Patterns\Fully-connected\fc6x6x256_image6x6x256_units4096 %28failed%29</Filter>
    </None>
    <None Include="Patterns\fc6x6x256_image6x6x256_units4096\ofmap.dat">
      <Filter>Source Files\Patterns\Fully-connected\fc6x6x256_image6x6x256_units4096 %28failed%29</Filter>
    </None>
    <None Include="Patterns\fc6x6x256_image6x6x256_units4096\psum.dat">
      <Filter>Source Files\Patterns\Fully-connected\fc6x6x256_image6x6x256_units4096 %28failed%29</Filter>
    </None>
    <None Include="Patterns\fc6x6x256_image6x6x256_units4096\weight.dat">
      <Filter>Source Files\Patterns\Fully-connected\fc6x6x256_image6x6x256_units4096 %28failed%29</Filter>
    </None>
    <None Include="Patterns\fc8x8x64_image8x8x64_units4096\config.dat">
      <Filter>Source Files\Patterns\Fully-connected\fc8x8x64_image8x8x64_units4096 %28failed%29</Filter>
    </None>
    <None Include="Patterns\fc8x8x64_image8x8x64_units4096\iact.dat">
      <Filter>Source Files\Patterns\Fully-connected\fc8x8x64_image8x8x64_units4096 %28failed%29</Filter>
    </None>
    <None Include="Patterns\fc8x8x64_image8x8x64_units4096\ofmap.dat">
      <Filter>Source Files\Patterns\Fully-connected\fc8x8x64_image8x8x64_units4096 %28failed%29</Filter>
    </None>
    <None Include="Patterns\fc8x8x64_image8x8x64_units4096\psum.dat">
      <Filter>Source Files\Patterns\Fully-connected\fc8x8x64_image8x8x64_units4096 %28failed%29</Filter>
    </None>
    <None Include="Patterns\fc8x8x64_image8x8x64_units4096\weight.dat">
      <Filter>Source Files\Patterns\Fully-connected\fc8x8x64_image8x8x64_units4096 %28failed%29</Filter>
    </None>
    <None Include="Patterns\fc3x3x1_image3x3x1_units14\config.dat">
      <Filter>Source Files\Patterns\Fully-connected\fc3x3x1_image3x3x1_units14</Filter>
    </None>
    <None Include="Patterns\fc3x3x1_image3x3x1_units14\iact.dat">
      <Filter>Source Files\Patterns\Fully-connected\fc3x3x1_image3x3x1_units14</Filter>
    </None>
    <None Include="Patterns\fc3x3x1_image3x3x1_units14\ofmap.dat">
      <Filter>Source Files\Patterns\Fully-connected\fc3x3x1_image3x3x1_units14</Filter>
    </None>
    <None Include="Patterns\fc3x3x1_image3x3x1_units14\psum.dat">
      <Filter>Source Files\Patterns\Fully-connected\fc3x3x1_image3x3x1_units14</Filter>
    </None>
    <None Include="Patterns\fc3x3x1_image3x3x1_units14\weight.dat">
      <Filter>Source Files\Patterns\Fully-connected\fc3x3x1_image3x3x1_units14</Filter>
    </None>
    <None Include="Patterns\filter5x5x1_ifmap18x18x1\config.dat">
      <Filter>Source Files\Patterns\Normal Condition\filter5x5x1_ifmap18x18x1</Filter>
    </None>
    <None Include="Patterns\filter5x5x1_ifmap18x18x1\iact.dat">
      <Filter>Source Files\Patterns\Normal Condition\filter5x5x1_ifmap18x18x1</Filter>
    </None>
    <None Include="Patterns\filter5x5x1_ifmap18x18x1\ofmap.dat">
      <Filter>Source Files\Patterns\Normal Condition\filter5x5x1_ifmap18x18x1</Filter>
    </None>
    <None Include="Patterns\filter5x5x1_ifmap18x18x1\psum.dat">
      <Filter>Source Files\Patterns\Normal Condition\filter5x5x1_ifmap18x18x1</Filter>
    </None>
    <None Include="Patterns\filter5x5x1_ifmap18x18x1\weight.dat">
      <Filter>Source Files\Patterns\Normal Condition\filter5x5x1_ifmap18x18x1</Filter>
    </None>
    <None Include="Patterns\filter3x3x1x3_image5x5x1\config.dat">
      <Filter>Source Files\Patterns\Normal Condition\filter3x3x1x3_image5x5x1</Filter>
    </None>
    <None Include="Patterns\filter3x3x1x3_image5x5x1\iact.dat">
      <Filter>Source Files\Patterns\Normal Condition\filter3x3x1x3_image5x5x1</Filter>
    </None>
    <None Include="Patterns\filter3x3x1x3_image5x5x1\ofmap.dat">
      <Filter>Source Files\Patterns\Normal Condition\filter3x3x1x3_image5x5x1</Filter>
    </None>
    <None Include="Patterns\filter3x3x1x3_image5x5x1\psum.dat">
      <Filter>Source Files\Patterns\Normal Condition\filter3x3x1x3_image5x5x1</Filter>
    </None>
    <None Include="Patterns\filter3x3x1x3_image5x5x1\weight.dat">
      <Filter>Source Files\Patterns\Normal Condition\filter3x3x1x3_image5x5x1</Filter>
    </None>
    <None Include="Patterns\filter5x5x3_ifmap34x34x3\config.dat">
      <Filter>Source Files\Patterns\Lack of PE Array Size Condition\filter5x5x3_ifmap34x34x3</Filter>
    </None>
    <None Include="Patterns\filter5x5x3_ifmap34x34x3\iact.dat">
      <Filter>Source Files\Patterns\Lack of PE Array Size Condition\filter5x5x3_ifmap34x34x3</Filter>
    </None>
    <None Include="Patterns\filter5x5x3_ifmap34x34x3\ofmap.dat">
      <Filter>Source Files\Patterns\Lack of PE Array Size Condition\filter5x5x3_ifmap34x34x3</Filter>
    </None>
    <None Include="Patterns\filter5x5x3_ifmap34x34x3\psum.dat">
      <Filter>Source Files\Patterns\Lack of PE Array Size Condition\filter5x5x3_ifmap34x34x3</Filter>
    </None>
    <None Include="Patterns\filter5x5x3_ifmap34x34x3\weight.dat">
      <Filter>Source Files\Patterns\Lack of PE Array Size Condition\filter5x5x3_ifmap34x34x3</Filter>
    </None>
    <None Include="Patterns\filter5x5x3x2_image81x81x3_stride2\config.dat">
      <Filter>Source Files\Patterns\Lack of PE Array Size Condition\filter5x5x3x2_image81x81x3_stride2</Filter>
    </None>
    <None Include="Patterns\filter5x5x3x2_image81x81x3_stride2\iact.dat">
      <Filter>Source Files\Patterns\Lack of PE Array Size Condition\filter5x5x3x2_image81x81x3_stride2</Filter>
    </None>
    <None Include="Patterns\filter5x5x3x2_image81x81x3_stride2\ofmap.dat">
      <Filter>Source Files\Patterns\Lack of PE Array Size Condition\filter5x5x3x2_image81x81x3_stride2</Filter>
    </None>
    <None Include="Patterns\filter5x5x3x2_image81x81x3_stride2\psum.dat">
      <Filter>Source Files\Patterns\Lack of PE Array Size Condition\filter5x5x3x2_image81x81x3_stride2</Filter>
    </None>
    <None Include="Patterns\filter5x5x3x2_image81x81x3_stride2\weight.dat">
      <Filter>Source Files\Patterns\Lack of PE Array Size Condition\filter5x5x3x2_image81x81x3_stride2</Filter>
    </None>
    <None Include="Patterns\max3x3x1_ifmap42x42x1_stride3\weight.dat">
      <Filter>Source Files\Patterns\Maximum Pooling\max3x3x1_ifmap42x42x1_stride3</Filter>
    </None>
    <None Include="Patterns\max3x3x3_ifmap40x40x3_stride3\weight.dat">
      <Filter>Source Files\Patterns\Maximum Pooling\max3x3x3_ifmap40x40x3_stride3</Filter>
    </None>
  </ItemGroup>
</Project>