<?xml version="1.0" encoding="utf-8"?>
<Project ToolsVersion="4.0" xmlns="http://schemas.microsoft.com/developer/msbuild/2003">
  <ItemGroup>
    <Filter Include="Source Files">
      <UniqueIdentifier>{4FC737F1-C7A5-4376-A066-2A32D752A2FF}</UniqueIdentifier>
      <Extensions>cpp;c;cc;cxx;c++;cppm;ixx;def;odl;idl;hpj;bat;asm;asmx</Extensions>
    </Filter>
    <Filter Include="Header Files">
      <UniqueIdentifier>{93995380-89BD-4b04-88EB-625FBE52EBFB}</UniqueIdentifier>
      <Extensions>h;hh;hpp;hxx;h++;hm;inl;inc;ipp;xsd</Extensions>
    </Filter>
    <Filter Include="Resource Files">
      <UniqueIdentifier>{67DA6AB6-F800-4c08-8B7A-83BB121AAD01}</UniqueIdentifier>
      <Extensions>rc;ico;cur;bmp;dlg;rc2;rct;bin;rgs;gif;jpg;jpeg;jpe;resx;tiff;tif;png;wav;mfcribbon-ms</Extensions>
    </Filter>
    <Filter Include="Source Files\Patterns">
      <UniqueIdentifier>{72b651aa-11bf-4db9-80cc-6074ac75d9d6}</UniqueIdentifier>
    </Filter>
    <Filter Include="Source Files\Patterns\filter3x3x3_ifmap5x5x3">
      <UniqueIdentifier>{d8cdd8ac-f4d6-4e87-b055-eac3b7dcd89c}</UniqueIdentifier>
    </Filter>
    <Filter Include="Source Files\Patterns\filter5x5x1_ifmap11x11x1">
      <UniqueIdentifier>{831bc4ca-ecb2-4c17-a648-6ffd5f6f299b}</UniqueIdentifier>
    </Filter>
    <Filter Include="Source Files\Patterns\filter5x5x1_ifmap19x19x1">
      <UniqueIdentifier>{f9af7ed2-4d52-4f5e-a505-e744dcb504a6}</UniqueIdentifier>
    </Filter>
    <Filter Include="Source Files\Patterns\filter5x5x1_ifmap34x34x1">
      <UniqueIdentifier>{9a97ab71-45a6-41e4-8170-165108b21ce9}</UniqueIdentifier>
    </Filter>
    <Filter Include="Source Files\Patterns\filter11x11x1_ifmap80x80x1">
      <UniqueIdentifier>{83ee517f-5c26-494e-95aa-6019a08ae80f}</UniqueIdentifier>
    </Filter>
    <Filter Include="Source Files\Patterns\filter12x12x1_ifmap25x25x1">
      <UniqueIdentifier>{20ad13ba-c032-48ef-909d-d7596d82ff83}</UniqueIdentifier>
    </Filter>
  </ItemGroup>
  <ItemGroup>
    <ClInclude Include="RegFile.h">
      <Filter>Header Files</Filter>
    </ClInclude>
    <ClInclude Include="PE.h">
      <Filter>Header Files</Filter>
    </ClInclude>
    <ClInclude Include="Scheduler.h">
      <Filter>Header Files</Filter>
    </ClInclude>
    <ClInclude Include="MAC.h">
      <Filter>Header Files</Filter>
    </ClInclude>
    <ClInclude Include="Definition.h">
      <Filter>Header Files</Filter>
    </ClInclude>
    <ClInclude Include="GLB.h">
      <Filter>Header Files</Filter>
    </ClInclude>
    <ClInclude Include="PE_array.h">
      <Filter>Header Files</Filter>
    </ClInclude>
    <ClInclude Include="LowEyeriss.h">
      <Filter>Header Files</Filter>
    </ClInclude>
    <ClInclude Include="testbench.h">
      <Filter>Header Files</Filter>
    </ClInclude>
    <ClInclude Include="resource.h">
      <Filter>Header Files</Filter>
    </ClInclude>
  </ItemGroup>
  <ItemGroup>
    <ClCompile Include="PE.cpp">
      <Filter>Source Files</Filter>
    </ClCompile>
    <ClCompile Include="MAC.cpp">
      <Filter>Source Files</Filter>
    </ClCompile>
    <ClCompile Include="RegFile.cpp">
      <Filter>Source Files</Filter>
    </ClCompile>
    <ClCompile Include="Scheduler.cpp">
      <Filter>Source Files</Filter>
    </ClCompile>
    <ClCompile Include="GLB.cpp">
      <Filter>Source Files</Filter>
    </ClCompile>
    <ClCompile Include="testbench.cpp">
      <Filter>Source Files</Filter>
    </ClCompile>
    <ClCompile Include="main.cpp">
      <Filter>Source Files</Filter>
    </ClCompile>
  </ItemGroup>
  <ItemGroup>
    <ResourceCompile Include="LowEyeriss.rc">
      <Filter>Resource Files</Filter>
    </ResourceCompile>
  </ItemGroup>
  <ItemGroup>
    <None Include="Patterns\filter3x3x3_ifmap5x5x3\weight.dat">
      <Filter>Source Files\Patterns\filter3x3x3_ifmap5x5x3</Filter>
    </None>
    <None Include="Patterns\filter3x3x3_ifmap5x5x3\psum.dat">
      <Filter>Source Files\Patterns\filter3x3x3_ifmap5x5x3</Filter>
    </None>
    <None Include="Patterns\filter3x3x3_ifmap5x5x3\ofmap.dat">
      <Filter>Source Files\Patterns\filter3x3x3_ifmap5x5x3</Filter>
    </None>
    <None Include="Patterns\filter3x3x3_ifmap5x5x3\iact.dat">
      <Filter>Source Files\Patterns\filter3x3x3_ifmap5x5x3</Filter>
    </None>
    <None Include="Patterns\filter5x5x1_ifmap11x11x1\iact.dat">
      <Filter>Source Files\Patterns\filter5x5x1_ifmap11x11x1</Filter>
    </None>
    <None Include="Patterns\filter5x5x1_ifmap11x11x1\ofmap.dat">
      <Filter>Source Files\Patterns\filter5x5x1_ifmap11x11x1</Filter>
    </None>
    <None Include="Patterns\filter5x5x1_ifmap11x11x1\psum.dat">
      <Filter>Source Files\Patterns\filter5x5x1_ifmap11x11x1</Filter>
    </None>
    <None Include="Patterns\filter5x5x1_ifmap11x11x1\weight.dat">
      <Filter>Source Files\Patterns\filter5x5x1_ifmap11x11x1</Filter>
    </None>
    <None Include="Patterns\filter5x5x1_ifmap19x19x1\iact.dat">
      <Filter>Source Files\Patterns\filter5x5x1_ifmap19x19x1</Filter>
    </None>
    <None Include="Patterns\filter5x5x1_ifmap19x19x1\ofmap.dat">
      <Filter>Source Files\Patterns\filter5x5x1_ifmap19x19x1</Filter>
    </None>
    <None Include="Patterns\filter5x5x1_ifmap19x19x1\psum.dat">
      <Filter>Source Files\Patterns\filter5x5x1_ifmap19x19x1</Filter>
    </None>
    <None Include="Patterns\filter5x5x1_ifmap19x19x1\weight.dat">
      <Filter>Source Files\Patterns\filter5x5x1_ifmap19x19x1</Filter>
    </None>
    <None Include="Patterns\filter5x5x1_ifmap34x34x1\iact.dat">
      <Filter>Source Files\Patterns\filter5x5x1_ifmap34x34x1</Filter>
    </None>
    <None Include="Patterns\filter5x5x1_ifmap34x34x1\ofmap.dat">
      <Filter>Source Files\Patterns\filter5x5x1_ifmap34x34x1</Filter>
    </None>
    <None Include="Patterns\filter5x5x1_ifmap34x34x1\psum.dat">
      <Filter>Source Files\Patterns\filter5x5x1_ifmap34x34x1</Filter>
    </None>
    <None Include="Patterns\filter5x5x1_ifmap34x34x1\weight.dat">
      <Filter>Source Files\Patterns\filter5x5x1_ifmap34x34x1</Filter>
    </None>
    <None Include="Patterns\filter11x11x1_ifmap80x80x1\iact.dat">
      <Filter>Source Files\Patterns\filter11x11x1_ifmap80x80x1</Filter>
    </None>
    <None Include="Patterns\filter11x11x1_ifmap80x80x1\ofmap.dat">
      <Filter>Source Files\Patterns\filter11x11x1_ifmap80x80x1</Filter>
    </None>
    <None Include="Patterns\filter11x11x1_ifmap80x80x1\psum.dat">
      <Filter>Source Files\Patterns\filter11x11x1_ifmap80x80x1</Filter>
    </None>
    <None Include="Patterns\filter11x11x1_ifmap80x80x1\weight.dat">
      <Filter>Source Files\Patterns\filter11x11x1_ifmap80x80x1</Filter>
    </None>
    <None Include="Patterns\filter12x12x1_ifmap25x25x1\iact.dat">
      <Filter>Source Files\Patterns\filter12x12x1_ifmap25x25x1</Filter>
    </None>
    <None Include="Patterns\filter12x12x1_ifmap25x25x1\ofmap.dat">
      <Filter>Source Files\Patterns\filter12x12x1_ifmap25x25x1</Filter>
    </None>
    <None Include="Patterns\filter12x12x1_ifmap25x25x1\psum.dat">
      <Filter>Source Files\Patterns\filter12x12x1_ifmap25x25x1</Filter>
    </None>
    <None Include="Patterns\filter12x12x1_ifmap25x25x1\weight.dat">
      <Filter>Source Files\Patterns\filter12x12x1_ifmap25x25x1</Filter>
    </None>
  </ItemGroup>
</Project>